Microsoft Visual Studio Solution File, Format Version 12.00
# Visual Studio Version 17
VisualStudioVersion = 17.5.2.0
MinimumVisualStudioVersion = 10.0.40219.1
Project("{2150E333-8FDC-42A3-9474-1A3956D46DE8}") = "api", "api", "{D82C56D6-B2CD-F611-9E31-04638F7EC30E}"
EndProject
Project("{FAE04EC0-301F-11D3-BF4B-00C04F79EFBC}") = "AgenticDatabaseExplorer.Api", "api\AgenticDatabaseExplorer.Api\AgenticDatabaseExplorer.Api.csproj", "{47303695-C58C-E844-C038-0E7614C21417}"
EndProject
Global
	GlobalSection(SolutionConfigurationPlatforms) = preSolution
		Debug|Any CPU = Debug|Any CPU
		Release|Any CPU = Release|Any CPU
	EndGlobalSection
	GlobalSection(ProjectConfigurationPlatforms) = postSolution
		{47303695-C58C-E844-C038-0E7614C21417}.Debug|Any CPU.ActiveCfg = Debug|Any CPU
		{47303695-C58C-E844-C038-0E7614C21417}.Debug|Any CPU.Build.0 = Debug|Any CPU
		{47303695-C58C-E844-C038-0E7614C21417}.Release|Any CPU.ActiveCfg = Release|Any CPU
		{47303695-C58C-E844-C038-0E7614C21417}.Release|Any CPU.Build.0 = Release|Any CPU
	EndGlobalSection
	GlobalSection(SolutionProperties) = preSolution
		HideSolutionNode = FALSE
	EndGlobalSection
	GlobalSection(NestedProjects) = preSolution
		{47303695-C58C-E844-C038-0E7614C21417} = {D82C56D6-B2CD-F611-9E31-04638F7EC30E}
	EndGlobalSection
	GlobalSection(ExtensibilityGlobals) = postSolution
		SolutionGuid = {01C8C4ED-1E3A-4179-AEBF-4463EC5D4560}
	EndGlobalSection
EndGlobal
